// !$*UTF8*$!
{
	archiveVersion = 1;
	classes = {
	};
	objectVersion = 48;
	objects = {

/* Begin PBXBuildFile section */
		10A6519BC5E1183D00185D5A /* Pods_yukaApp.framework in Frameworks */ = {isa = PBXBuildFile; fileRef = D618A10A18BE59EBFBA2B03D /* Pods_yukaApp.framework */; };
		B243976D1FC79D2E001FB78F /* CalculatorKeyboard.framework in Frameworks */ = {isa = PBXBuildFile; fileRef = B243976E1FC79D2E001FB78F /* CalculatorKeyboard.framework */; };
		B243976F1FC79FF7001FB78F /* CalculatorKeyboard.framework in Frameworks */ = {isa = PBXBuildFile; fileRef = B243976E1FC79D2E001FB78F /* CalculatorKeyboard.framework */; };
		B24397701FC79FF7001FB78F /* CalculatorKeyboard.framework in Embed Frameworks */ = {isa = PBXBuildFile; fileRef = B243976E1FC79D2E001FB78F /* CalculatorKeyboard.framework */; settings = {ATTRIBUTES = (CodeSignOnCopy, RemoveHeadersOnCopy, ); }; };
		B2B5167C1FC3CD0900F76FE4 /* IMG_2605.jpg in Resources */ = {isa = PBXBuildFile; fileRef = B2B5167B1FC3CD0900F76FE4 /* IMG_2605.jpg */; };
		B2B5167E1FC3CD4800F76FE4 /* Red-kitten.jpg in Resources */ = {isa = PBXBuildFile; fileRef = B2B5167D1FC3CD4800F76FE4 /* Red-kitten.jpg */; };
		B2F3D12D1FB9AB7300F5393A /* AppDelegate.swift in Sources */ = {isa = PBXBuildFile; fileRef = B2F3D12C1FB9AB7300F5393A /* AppDelegate.swift */; };
		B2F3D12F1FB9AB7300F5393A /* ViewController.swift in Sources */ = {isa = PBXBuildFile; fileRef = B2F3D12E1FB9AB7300F5393A /* ViewController.swift */; };
		B2F3D1321FB9AB7300F5393A /* Main.storyboard in Resources */ = {isa = PBXBuildFile; fileRef = B2F3D1301FB9AB7300F5393A /* Main.storyboard */; };
		B2F3D1341FB9AB7300F5393A /* Assets.xcassets in Resources */ = {isa = PBXBuildFile; fileRef = B2F3D1331FB9AB7300F5393A /* Assets.xcassets */; };
		B2F3D1371FB9AB7300F5393A /* __LaunchScreen.storyboard in Resources */ = {isa = PBXBuildFile; fileRef = B2F3D1351FB9AB7300F5393A /* __LaunchScreen.storyboard */; };
		B2F3D1421FB9AB7300F5393A /* yukaAppTests.swift in Sources */ = {isa = PBXBuildFile; fileRef = B2F3D1411FB9AB7300F5393A /* yukaAppTests.swift */; };
		B2F3D14D1FB9AB7300F5393A /* yukaAppUITests.swift in Sources */ = {isa = PBXBuildFile; fileRef = B2F3D14C1FB9AB7300F5393A /* yukaAppUITests.swift */; };
		B2FFD30B1FC1C5FF0008DBF1 /* LaunchScreen.storyboard in Resources */ = {isa = PBXBuildFile; fileRef = B2FFD30A1FC1C5FF0008DBF1 /* LaunchScreen.storyboard */; };
		E07369B0BFBC7C909A97DE15 /* Pods_yukaAppTests.framework in Frameworks */ = {isa = PBXBuildFile; fileRef = 4D316FE3112BD79276BC93EB /* Pods_yukaAppTests.framework */; };
		F31FA315409F22F0929D85DC /* Pods_yukaAppUITests.framework in Frameworks */ = {isa = PBXBuildFile; fileRef = 93524392E81DDAD56DF307EC /* Pods_yukaAppUITests.framework */; };
/* End PBXBuildFile section */

/* Begin PBXContainerItemProxy section */
		B2F3D13E1FB9AB7300F5393A /* PBXContainerItemProxy */ = {
			isa = PBXContainerItemProxy;
			containerPortal = B2F3D1211FB9AB7300F5393A /* Project object */;
			proxyType = 1;
			remoteGlobalIDString = B2F3D1281FB9AB7300F5393A;
			remoteInfo = yukaApp;
		};
		B2F3D1491FB9AB7300F5393A /* PBXContainerItemProxy */ = {
			isa = PBXContainerItemProxy;
			containerPortal = B2F3D1211FB9AB7300F5393A /* Project object */;
			proxyType = 1;
			remoteGlobalIDString = B2F3D1281FB9AB7300F5393A;
			remoteInfo = yukaApp;
		};
/* End PBXContainerItemProxy section */

/* Begin PBXCopyFilesBuildPhase section */
		B24397711FC79FF7001FB78F /* Embed Frameworks */ = {
			isa = PBXCopyFilesBuildPhase;
			buildActionMask = 2147483647;
			dstPath = "";
			dstSubfolderSpec = 10;
			files = (
				B24397701FC79FF7001FB78F /* CalculatorKeyboard.framework in Embed Frameworks */,
			);
			name = "Embed Frameworks";
			runOnlyForDeploymentPostprocessing = 0;
		};
/* End PBXCopyFilesBuildPhase section */

/* Begin PBXFileReference section */
		3059F7C899F4EA65EAA76A8E /* Pods-yukaAppUITests.debug.xcconfig */ = {isa = PBXFileReference; includeInIndex = 1; lastKnownFileType = text.xcconfig; name = "Pods-yukaAppUITests.debug.xcconfig"; path = "Pods/Target Support Files/Pods-yukaAppUITests/Pods-yukaAppUITests.debug.xcconfig"; sourceTree = "<group>"; };
		3A216E1F563E62538AA8084D /* Pods-yukaApp.debug.xcconfig */ = {isa = PBXFileReference; includeInIndex = 1; lastKnownFileType = text.xcconfig; name = "Pods-yukaApp.debug.xcconfig"; path = "Pods/Target Support Files/Pods-yukaApp/Pods-yukaApp.debug.xcconfig"; sourceTree = "<group>"; };
		4D316FE3112BD79276BC93EB /* Pods_yukaAppTests.framework */ = {isa = PBXFileReference; explicitFileType = wrapper.framework; includeInIndex = 0; path = Pods_yukaAppTests.framework; sourceTree = BUILT_PRODUCTS_DIR; };
		5BC9D800A97ACD046ECEAC60 /* Pods-yukaApp.release.xcconfig */ = {isa = PBXFileReference; includeInIndex = 1; lastKnownFileType = text.xcconfig; name = "Pods-yukaApp.release.xcconfig"; path = "Pods/Target Support Files/Pods-yukaApp/Pods-yukaApp.release.xcconfig"; sourceTree = "<group>"; };
		5D89D63425104DCCF6B1A4A3 /* Pods-yukaAppTests.release.xcconfig */ = {isa = PBXFileReference; includeInIndex = 1; lastKnownFileType = text.xcconfig; name = "Pods-yukaAppTests.release.xcconfig"; path = "Pods/Target Support Files/Pods-yukaAppTests/Pods-yukaAppTests.release.xcconfig"; sourceTree = "<group>"; };
		87ABEB59B06DBFAF969A4132 /* Pods-yukaAppTests.debug.xcconfig */ = {isa = PBXFileReference; includeInIndex = 1; lastKnownFileType = text.xcconfig; name = "Pods-yukaAppTests.debug.xcconfig"; path = "Pods/Target Support Files/Pods-yukaAppTests/Pods-yukaAppTests.debug.xcconfig"; sourceTree = "<group>"; };
		93524392E81DDAD56DF307EC /* Pods_yukaAppUITests.framework */ = {isa = PBXFileReference; explicitFileType = wrapper.framework; includeInIndex = 0; path = Pods_yukaAppUITests.framework; sourceTree = BUILT_PRODUCTS_DIR; };
		B243976E1FC79D2E001FB78F /* CalculatorKeyboard.framework */ = {isa = PBXFileReference; explicitFileType = wrapper.framework; path = CalculatorKeyboard.framework; sourceTree = BUILT_PRODUCTS_DIR; };
		B2B0153C1FBBC8C800F43D92 /* Info.plist */ = {isa = PBXFileReference; lastKnownFileType = text.plist.xml; path = Info.plist; sourceTree = "<group>"; };
		B2B5167B1FC3CD0900F76FE4 /* IMG_2605.jpg */ = {isa = PBXFileReference; lastKnownFileType = image.jpeg; path = IMG_2605.jpg; sourceTree = "<group>"; };
		B2B5167D1FC3CD4800F76FE4 /* Red-kitten.jpg */ = {isa = PBXFileReference; lastKnownFileType = image.jpeg; path = "Red-kitten.jpg"; sourceTree = "<group>"; };
		B2F152CE1FBD10CD00FD9030 /* CalculatorKeyboard.framework */ = {isa = PBXFileReference; explicitFileType = wrapper.framework; path = CalculatorKeyboard.framework; sourceTree = BUILT_PRODUCTS_DIR; };
		B2F3D1291FB9AB7300F5393A /* yukaApp.app */ = {isa = PBXFileReference; explicitFileType = wrapper.application; includeInIndex = 0; path = yukaApp.app; sourceTree = BUILT_PRODUCTS_DIR; };
		B2F3D12C1FB9AB7300F5393A /* AppDelegate.swift */ = {isa = PBXFileReference; lastKnownFileType = sourcecode.swift; path = AppDelegate.swift; sourceTree = "<group>"; };
		B2F3D12E1FB9AB7300F5393A /* ViewController.swift */ = {isa = PBXFileReference; lastKnownFileType = sourcecode.swift; path = ViewController.swift; sourceTree = "<group>"; };
		B2F3D1311FB9AB7300F5393A /* Base */ = {isa = PBXFileReference; lastKnownFileType = file.storyboard; name = Base; path = Base.lproj/Main.storyboard; sourceTree = "<group>"; };
		B2F3D1331FB9AB7300F5393A /* Assets.xcassets */ = {isa = PBXFileReference; lastKnownFileType = folder.assetcatalog; path = Assets.xcassets; sourceTree = "<group>"; };
		B2F3D1361FB9AB7300F5393A /* Base */ = {isa = PBXFileReference; lastKnownFileType = file.storyboard; name = Base; path = Base.lproj/__LaunchScreen.storyboard; sourceTree = "<group>"; };
		B2F3D1381FB9AB7300F5393A /* Info.plist */ = {isa = PBXFileReference; lastKnownFileType = text.plist.xml; path = Info.plist; sourceTree = "<group>"; };
		B2F3D13D1FB9AB7300F5393A /* yukaAppTests.xctest */ = {isa = PBXFileReference; explicitFileType = wrapper.cfbundle; includeInIndex = 0; path = yukaAppTests.xctest; sourceTree = BUILT_PRODUCTS_DIR; };
		B2F3D1411FB9AB7300F5393A /* yukaAppTests.swift */ = {isa = PBXFileReference; lastKnownFileType = sourcecode.swift; path = yukaAppTests.swift; sourceTree = "<group>"; };
		B2F3D1431FB9AB7300F5393A /* Info.plist */ = {isa = PBXFileReference; lastKnownFileType = text.plist.xml; path = Info.plist; sourceTree = "<group>"; };
		B2F3D1481FB9AB7300F5393A /* yukaAppUITests.xctest */ = {isa = PBXFileReference; explicitFileType = wrapper.cfbundle; includeInIndex = 0; path = yukaAppUITests.xctest; sourceTree = BUILT_PRODUCTS_DIR; };
		B2F3D14C1FB9AB7300F5393A /* yukaAppUITests.swift */ = {isa = PBXFileReference; lastKnownFileType = sourcecode.swift; path = yukaAppUITests.swift; sourceTree = "<group>"; };
		B2F3D14E1FB9AB7300F5393A /* Info.plist */ = {isa = PBXFileReference; lastKnownFileType = text.plist.xml; path = Info.plist; sourceTree = "<group>"; };
		B2FFD30A1FC1C5FF0008DBF1 /* LaunchScreen.storyboard */ = {isa = PBXFileReference; lastKnownFileType = file.storyboard; path = LaunchScreen.storyboard; sourceTree = "<group>"; };
		D618A10A18BE59EBFBA2B03D /* Pods_yukaApp.framework */ = {isa = PBXFileReference; explicitFileType = wrapper.framework; includeInIndex = 0; path = Pods_yukaApp.framework; sourceTree = BUILT_PRODUCTS_DIR; };
		EA57F81E99DECB609EE683C6 /* Pods-yukaAppUITests.release.xcconfig */ = {isa = PBXFileReference; includeInIndex = 1; lastKnownFileType = text.xcconfig; name = "Pods-yukaAppUITests.release.xcconfig"; path = "Pods/Target Support Files/Pods-yukaAppUITests/Pods-yukaAppUITests.release.xcconfig"; sourceTree = "<group>"; };
/* End PBXFileReference section */

/* Begin PBXFrameworksBuildPhase section */
		B2F3D1261FB9AB7300F5393A /* Frameworks */ = {
			isa = PBXFrameworksBuildPhase;
			buildActionMask = 2147483647;
			files = (
				B243976D1FC79D2E001FB78F /* CalculatorKeyboard.framework in Frameworks */,
				B243976F1FC79FF7001FB78F /* CalculatorKeyboard.framework in Frameworks */,
				10A6519BC5E1183D00185D5A /* Pods_yukaApp.framework in Frameworks */,
			);
			runOnlyForDeploymentPostprocessing = 0;
		};
		B2F3D13A1FB9AB7300F5393A /* Frameworks */ = {
			isa = PBXFrameworksBuildPhase;
			buildActionMask = 2147483647;
			files = (
				E07369B0BFBC7C909A97DE15 /* Pods_yukaAppTests.framework in Frameworks */,
			);
			runOnlyForDeploymentPostprocessing = 0;
		};
		B2F3D1451FB9AB7300F5393A /* Frameworks */ = {
			isa = PBXFrameworksBuildPhase;
			buildActionMask = 2147483647;
			files = (
				F31FA315409F22F0929D85DC /* Pods_yukaAppUITests.framework in Frameworks */,
			);
			runOnlyForDeploymentPostprocessing = 0;
		};
/* End PBXFrameworksBuildPhase section */

/* Begin PBXGroup section */
		B2B0153A1FBBC8C800F43D92 /* Frameworks */ = {
			isa = PBXGroup;
			children = (
				B243976E1FC79D2E001FB78F /* CalculatorKeyboard.framework */,
				B2F152CE1FBD10CD00FD9030 /* CalculatorKeyboard.framework */,
				B2B0153B1FBBC8C800F43D92 /* SVProgressHUD-Framework */,
				D618A10A18BE59EBFBA2B03D /* Pods_yukaApp.framework */,
				4D316FE3112BD79276BC93EB /* Pods_yukaAppTests.framework */,
				93524392E81DDAD56DF307EC /* Pods_yukaAppUITests.framework */,
			);
			name = Frameworks;
			sourceTree = "<group>";
		};
		B2B0153B1FBBC8C800F43D92 /* SVProgressHUD-Framework */ = {
			isa = PBXGroup;
			children = (
				B2B0153C1FBBC8C800F43D92 /* Info.plist */,
			);
			name = "SVProgressHUD-Framework";
			path = "Carthage/Checkouts/SVProgressHUD/SVProgressHUD-Framework";
			sourceTree = "<group>";
		};
		B2F06E9AB0C8FCF95DC16150 /* Pods */ = {
			isa = PBXGroup;
			children = (
				3A216E1F563E62538AA8084D /* Pods-yukaApp.debug.xcconfig */,
				5BC9D800A97ACD046ECEAC60 /* Pods-yukaApp.release.xcconfig */,
				87ABEB59B06DBFAF969A4132 /* Pods-yukaAppTests.debug.xcconfig */,
				5D89D63425104DCCF6B1A4A3 /* Pods-yukaAppTests.release.xcconfig */,
				3059F7C899F4EA65EAA76A8E /* Pods-yukaAppUITests.debug.xcconfig */,
				EA57F81E99DECB609EE683C6 /* Pods-yukaAppUITests.release.xcconfig */,
			);
			name = Pods;
			sourceTree = "<group>";
		};
		B2F3D1201FB9AB7300F5393A = {
			isa = PBXGroup;
			children = (
				B2F3D12B1FB9AB7300F5393A /* yukaApp */,
				B2F3D1401FB9AB7300F5393A /* yukaAppTests */,
				B2F3D14B1FB9AB7300F5393A /* yukaAppUITests */,
				B2F3D12A1FB9AB7300F5393A /* Products */,
				B2B0153A1FBBC8C800F43D92 /* Frameworks */,
				B2F06E9AB0C8FCF95DC16150 /* Pods */,
			);
			sourceTree = "<group>";
		};
		B2F3D12A1FB9AB7300F5393A /* Products */ = {
			isa = PBXGroup;
			children = (
				B2F3D1291FB9AB7300F5393A /* yukaApp.app */,
				B2F3D13D1FB9AB7300F5393A /* yukaAppTests.xctest */,
				B2F3D1481FB9AB7300F5393A /* yukaAppUITests.xctest */,
			);
			name = Products;
			sourceTree = "<group>";
		};
		B2F3D12B1FB9AB7300F5393A /* yukaApp */ = {
			isa = PBXGroup;
			children = (
				B2B5167D1FC3CD4800F76FE4 /* Red-kitten.jpg */,
				B2B5167B1FC3CD0900F76FE4 /* IMG_2605.jpg */,
				B2F3D12C1FB9AB7300F5393A /* AppDelegate.swift */,
				B2F3D12E1FB9AB7300F5393A /* ViewController.swift */,
				B2F3D1301FB9AB7300F5393A /* Main.storyboard */,
				B2FFD30A1FC1C5FF0008DBF1 /* LaunchScreen.storyboard */,
				B2F3D1331FB9AB7300F5393A /* Assets.xcassets */,
				B2F3D1351FB9AB7300F5393A /* __LaunchScreen.storyboard */,
				B2F3D1381FB9AB7300F5393A /* Info.plist */,
			);
			path = yukaApp;
			sourceTree = "<group>";
		};
		B2F3D1401FB9AB7300F5393A /* yukaAppTests */ = {
			isa = PBXGroup;
			children = (
				B2F3D1411FB9AB7300F5393A /* yukaAppTests.swift */,
				B2F3D1431FB9AB7300F5393A /* Info.plist */,
			);
			path = yukaAppTests;
			sourceTree = "<group>";
		};
		B2F3D14B1FB9AB7300F5393A /* yukaAppUITests */ = {
			isa = PBXGroup;
			children = (
				B2F3D14C1FB9AB7300F5393A /* yukaAppUITests.swift */,
				B2F3D14E1FB9AB7300F5393A /* Info.plist */,
			);
			path = yukaAppUITests;
			sourceTree = "<group>";
		};
/* End PBXGroup section */

/* Begin PBXNativeTarget section */
		B2F3D1281FB9AB7300F5393A /* yukaApp */ = {
			isa = PBXNativeTarget;
			buildConfigurationList = B2F3D1511FB9AB7300F5393A /* Build configuration list for PBXNativeTarget "yukaApp" */;
			buildPhases = (
				FD5B8F0B2CD4B29227C7385D /* [CP] Check Pods Manifest.lock */,
				B2F3D1251FB9AB7300F5393A /* Sources */,
				B2F3D1261FB9AB7300F5393A /* Frameworks */,
				B2F3D1271FB9AB7300F5393A /* Resources */,
				DFAB6B7838C761918672AE08 /* [CP] Embed Pods Frameworks */,
				431B0A19C3D8EC6B8E666F98 /* [CP] Copy Pods Resources */,
				B24397711FC79FF7001FB78F /* Embed Frameworks */,
			);
			buildRules = (
			);
			dependencies = (
			);
			name = yukaApp;
			productName = yukaApp;
			productReference = B2F3D1291FB9AB7300F5393A /* yukaApp.app */;
			productType = "com.apple.product-type.application";
		};
		B2F3D13C1FB9AB7300F5393A /* yukaAppTests */ = {
			isa = PBXNativeTarget;
			buildConfigurationList = B2F3D1541FB9AB7300F5393A /* Build configuration list for PBXNativeTarget "yukaAppTests" */;
			buildPhases = (
				3BF3B5F79B73FC5CB9D9AE11 /* [CP] Check Pods Manifest.lock */,
				B2F3D1391FB9AB7300F5393A /* Sources */,
				B2F3D13A1FB9AB7300F5393A /* Frameworks */,
				B2F3D13B1FB9AB7300F5393A /* Resources */,
				9D0FE0D857C09CAFF4FDDF81 /* [CP] Embed Pods Frameworks */,
				DCD2A4F7F36DB5BE5D6DC255 /* [CP] Copy Pods Resources */,
			);
			buildRules = (
			);
			dependencies = (
				B2F3D13F1FB9AB7300F5393A /* PBXTargetDependency */,
			);
			name = yukaAppTests;
			productName = yukaAppTests;
			productReference = B2F3D13D1FB9AB7300F5393A /* yukaAppTests.xctest */;
			productType = "com.apple.product-type.bundle.unit-test";
		};
		B2F3D1471FB9AB7300F5393A /* yukaAppUITests */ = {
			isa = PBXNativeTarget;
			buildConfigurationList = B2F3D1571FB9AB7300F5393A /* Build configuration list for PBXNativeTarget "yukaAppUITests" */;
			buildPhases = (
				75B7D12A56444DEE4DE6E801 /* [CP] Check Pods Manifest.lock */,
				B2F3D1441FB9AB7300F5393A /* Sources */,
				B2F3D1451FB9AB7300F5393A /* Frameworks */,
				B2F3D1461FB9AB7300F5393A /* Resources */,
				E1694D308F1AEEAAC3279EFA /* [CP] Embed Pods Frameworks */,
				7343C860F280E4916A220C74 /* [CP] Copy Pods Resources */,
			);
			buildRules = (
			);
			dependencies = (
				B2F3D14A1FB9AB7300F5393A /* PBXTargetDependency */,
			);
			name = yukaAppUITests;
			productName = yukaAppUITests;
			productReference = B2F3D1481FB9AB7300F5393A /* yukaAppUITests.xctest */;
			productType = "com.apple.product-type.bundle.ui-testing";
		};
/* End PBXNativeTarget section */

/* Begin PBXProject section */
		B2F3D1211FB9AB7300F5393A /* Project object */ = {
			isa = PBXProject;
			attributes = {
				LastSwiftUpdateCheck = 0910;
				LastUpgradeCheck = 0910;
				ORGANIZATIONNAME = yuka;
				TargetAttributes = {
					B2F3D1281FB9AB7300F5393A = {
						CreatedOnToolsVersion = 9.1;
						ProvisioningStyle = Automatic;
					};
					B2F3D13C1FB9AB7300F5393A = {
						CreatedOnToolsVersion = 9.1;
						ProvisioningStyle = Automatic;
						TestTargetID = B2F3D1281FB9AB7300F5393A;
					};
					B2F3D1471FB9AB7300F5393A = {
						CreatedOnToolsVersion = 9.1;
						ProvisioningStyle = Automatic;
						TestTargetID = B2F3D1281FB9AB7300F5393A;
					};
				};
			};
			buildConfigurationList = B2F3D1241FB9AB7300F5393A /* Build configuration list for PBXProject "yukaApp" */;
			compatibilityVersion = "Xcode 8.0";
			developmentRegion = en;
			hasScannedForEncodings = 0;
			knownRegions = (
				en,
				Base,
			);
			mainGroup = B2F3D1201FB9AB7300F5393A;
			productRefGroup = B2F3D12A1FB9AB7300F5393A /* Products */;
			projectDirPath = "";
			projectRoot = "";
			targets = (
				B2F3D1281FB9AB7300F5393A /* yukaApp */,
				B2F3D13C1FB9AB7300F5393A /* yukaAppTests */,
				B2F3D1471FB9AB7300F5393A /* yukaAppUITests */,
			);
		};
/* End PBXProject section */

/* Begin PBXResourcesBuildPhase section */
		B2F3D1271FB9AB7300F5393A /* Resources */ = {
			isa = PBXResourcesBuildPhase;
			buildActionMask = 2147483647;
			files = (
				B2B5167C1FC3CD0900F76FE4 /* IMG_2605.jpg in Resources */,
				B2F3D1371FB9AB7300F5393A /* __LaunchScreen.storyboard in Resources */,
				B2F3D1341FB9AB7300F5393A /* Assets.xcassets in Resources */,
				B2FFD30B1FC1C5FF0008DBF1 /* LaunchScreen.storyboard in Resources */,
				B2B5167E1FC3CD4800F76FE4 /* Red-kitten.jpg in Resources */,
				B2F3D1321FB9AB7300F5393A /* Main.storyboard in Resources */,
			);
			runOnlyForDeploymentPostprocessing = 0;
		};
		B2F3D13B1FB9AB7300F5393A /* Resources */ = {
			isa = PBXResourcesBuildPhase;
			buildActionMask = 2147483647;
			files = (
			);
			runOnlyForDeploymentPostprocessing = 0;
		};
		B2F3D1461FB9AB7300F5393A /* Resources */ = {
			isa = PBXResourcesBuildPhase;
			buildActionMask = 2147483647;
			files = (
			);
			runOnlyForDeploymentPostprocessing = 0;
		};
/* End PBXResourcesBuildPhase section */

/* Begin PBXShellScriptBuildPhase section */
		3BF3B5F79B73FC5CB9D9AE11 /* [CP] Check Pods Manifest.lock */ = {
			isa = PBXShellScriptBuildPhase;
			buildActionMask = 2147483647;
			files = (
			);
			inputPaths = (
				"${PODS_PODFILE_DIR_PATH}/Podfile.lock",
				"${PODS_ROOT}/Manifest.lock",
			);
			name = "[CP] Check Pods Manifest.lock";
			outputPaths = (
				"$(DERIVED_FILE_DIR)/Pods-yukaAppTests-checkManifestLockResult.txt",
			);
			runOnlyForDeploymentPostprocessing = 0;
			shellPath = /bin/sh;
			shellScript = "diff \"${PODS_PODFILE_DIR_PATH}/Podfile.lock\" \"${PODS_ROOT}/Manifest.lock\" > /dev/null\nif [ $? != 0 ] ; then\n    # print error to STDERR\n    echo \"error: The sandbox is not in sync with the Podfile.lock. Run 'pod install' or update your CocoaPods installation.\" >&2\n    exit 1\nfi\n# This output is used by Xcode 'outputs' to avoid re-running this script phase.\necho \"SUCCESS\" > \"${SCRIPT_OUTPUT_FILE_0}\"\n";
			showEnvVarsInLog = 0;
		};
		431B0A19C3D8EC6B8E666F98 /* [CP] Copy Pods Resources */ = {
			isa = PBXShellScriptBuildPhase;
			buildActionMask = 2147483647;
			files = (
			);
			inputPaths = (
			);
			name = "[CP] Copy Pods Resources";
			outputPaths = (
			);
			runOnlyForDeploymentPostprocessing = 0;
			shellPath = /bin/sh;
			shellScript = "\"${SRCROOT}/Pods/Target Support Files/Pods-yukaApp/Pods-yukaApp-resources.sh\"\n";
			showEnvVarsInLog = 0;
		};
		7343C860F280E4916A220C74 /* [CP] Copy Pods Resources */ = {
			isa = PBXShellScriptBuildPhase;
			buildActionMask = 2147483647;
			files = (
			);
			inputPaths = (
			);
			name = "[CP] Copy Pods Resources";
			outputPaths = (
			);
			runOnlyForDeploymentPostprocessing = 0;
			shellPath = /bin/sh;
			shellScript = "\"${SRCROOT}/Pods/Target Support Files/Pods-yukaAppUITests/Pods-yukaAppUITests-resources.sh\"\n";
			showEnvVarsInLog = 0;
		};
		75B7D12A56444DEE4DE6E801 /* [CP] Check Pods Manifest.lock */ = {
			isa = PBXShellScriptBuildPhase;
			buildActionMask = 2147483647;
			files = (
			);
			inputPaths = (
				"${PODS_PODFILE_DIR_PATH}/Podfile.lock",
				"${PODS_ROOT}/Manifest.lock",
			);
			name = "[CP] Check Pods Manifest.lock";
			outputPaths = (
				"$(DERIVED_FILE_DIR)/Pods-yukaAppUITests-checkManifestLockResult.txt",
			);
			runOnlyForDeploymentPostprocessing = 0;
			shellPath = /bin/sh;
			shellScript = "diff \"${PODS_PODFILE_DIR_PATH}/Podfile.lock\" \"${PODS_ROOT}/Manifest.lock\" > /dev/null\nif [ $? != 0 ] ; then\n    # print error to STDERR\n    echo \"error: The sandbox is not in sync with the Podfile.lock. Run 'pod install' or update your CocoaPods installation.\" >&2\n    exit 1\nfi\n# This output is used by Xcode 'outputs' to avoid re-running this script phase.\necho \"SUCCESS\" > \"${SCRIPT_OUTPUT_FILE_0}\"\n";
			showEnvVarsInLog = 0;
		};
		9D0FE0D857C09CAFF4FDDF81 /* [CP] Embed Pods Frameworks */ = {
			isa = PBXShellScriptBuildPhase;
			buildActionMask = 2147483647;
			files = (
			);
			inputPaths = (
			);
			name = "[CP] Embed Pods Frameworks";
			outputPaths = (
			);
			runOnlyForDeploymentPostprocessing = 0;
			shellPath = /bin/sh;
			shellScript = "\"${SRCROOT}/Pods/Target Support Files/Pods-yukaAppTests/Pods-yukaAppTests-frameworks.sh\"\n";
			showEnvVarsInLog = 0;
		};
		DCD2A4F7F36DB5BE5D6DC255 /* [CP] Copy Pods Resources */ = {
			isa = PBXShellScriptBuildPhase;
			buildActionMask = 2147483647;
			files = (
			);
			inputPaths = (
			);
			name = "[CP] Copy Pods Resources";
			outputPaths = (
			);
			runOnlyForDeploymentPostprocessing = 0;
			shellPath = /bin/sh;
			shellScript = "\"${SRCROOT}/Pods/Target Support Files/Pods-yukaAppTests/Pods-yukaAppTests-resources.sh\"\n";
			showEnvVarsInLog = 0;
		};
		DFAB6B7838C761918672AE08 /* [CP] Embed Pods Frameworks */ = {
			isa = PBXShellScriptBuildPhase;
			buildActionMask = 2147483647;
			files = (
			);
			inputPaths = (
				"${SRCROOT}/Pods/Target Support Files/Pods-yukaApp/Pods-yukaApp-frameworks.sh",
				"${BUILT_PRODUCTS_DIR}/ActionCell/ActionCell.framework",
			);
			name = "[CP] Embed Pods Frameworks";
			outputPaths = (
				"${TARGET_BUILD_DIR}/${FRAMEWORKS_FOLDER_PATH}/ActionCell.framework",
			);
			runOnlyForDeploymentPostprocessing = 0;
			shellPath = /bin/sh;
			shellScript = "\"${SRCROOT}/Pods/Target Support Files/Pods-yukaApp/Pods-yukaApp-frameworks.sh\"\n";
			showEnvVarsInLog = 0;
		};
		E1694D308F1AEEAAC3279EFA /* [CP] Embed Pods Frameworks */ = {
			isa = PBXShellScriptBuildPhase;
			buildActionMask = 2147483647;
			files = (
			);
			inputPaths = (
			);
			name = "[CP] Embed Pods Frameworks";
			outputPaths = (
			);
			runOnlyForDeploymentPostprocessing = 0;
			shellPath = /bin/sh;
			shellScript = "\"${SRCROOT}/Pods/Target Support Files/Pods-yukaAppUITests/Pods-yukaAppUITests-frameworks.sh\"\n";
			showEnvVarsInLog = 0;
		};
		FD5B8F0B2CD4B29227C7385D /* [CP] Check Pods Manifest.lock */ = {
			isa = PBXShellScriptBuildPhase;
			buildActionMask = 2147483647;
			files = (
			);
			inputPaths = (
				"${PODS_PODFILE_DIR_PATH}/Podfile.lock",
				"${PODS_ROOT}/Manifest.lock",
			);
			name = "[CP] Check Pods Manifest.lock";
			outputPaths = (
				"$(DERIVED_FILE_DIR)/Pods-yukaApp-checkManifestLockResult.txt",
			);
			runOnlyForDeploymentPostprocessing = 0;
			shellPath = /bin/sh;
			shellScript = "diff \"${PODS_PODFILE_DIR_PATH}/Podfile.lock\" \"${PODS_ROOT}/Manifest.lock\" > /dev/null\nif [ $? != 0 ] ; then\n    # print error to STDERR\n    echo \"error: The sandbox is not in sync with the Podfile.lock. Run 'pod install' or update your CocoaPods installation.\" >&2\n    exit 1\nfi\n# This output is used by Xcode 'outputs' to avoid re-running this script phase.\necho \"SUCCESS\" > \"${SCRIPT_OUTPUT_FILE_0}\"\n";
			showEnvVarsInLog = 0;
		};
/* End PBXShellScriptBuildPhase section */

/* Begin PBXSourcesBuildPhase section */
		B2F3D1251FB9AB7300F5393A /* Sources */ = {
			isa = PBXSourcesBuildPhase;
			buildActionMask = 2147483647;
			files = (
				B2F3D12F1FB9AB7300F5393A /* ViewController.swift in Sources */,
				B2F3D12D1FB9AB7300F5393A /* AppDelegate.swift in Sources */,
			);
			runOnlyForDeploymentPostprocessing = 0;
		};
		B2F3D1391FB9AB7300F5393A /* Sources */ = {
			isa = PBXSourcesBuildPhase;
			buildActionMask = 2147483647;
			files = (
				B2F3D1421FB9AB7300F5393A /* yukaAppTests.swift in Sources */,
			);
			runOnlyForDeploymentPostprocessing = 0;
		};
		B2F3D1441FB9AB7300F5393A /* Sources */ = {
			isa = PBXSourcesBuildPhase;
			buildActionMask = 2147483647;
			files = (
				B2F3D14D1FB9AB7300F5393A /* yukaAppUITests.swift in Sources */,
			);
			runOnlyForDeploymentPostprocessing = 0;
		};
/* End PBXSourcesBuildPhase section */

/* Begin PBXTargetDependency section */
		B2F3D13F1FB9AB7300F5393A /* PBXTargetDependency */ = {
			isa = PBXTargetDependency;
			target = B2F3D1281FB9AB7300F5393A /* yukaApp */;
			targetProxy = B2F3D13E1FB9AB7300F5393A /* PBXContainerItemProxy */;
		};
		B2F3D14A1FB9AB7300F5393A /* PBXTargetDependency */ = {
			isa = PBXTargetDependency;
			target = B2F3D1281FB9AB7300F5393A /* yukaApp */;
			targetProxy = B2F3D1491FB9AB7300F5393A /* PBXContainerItemProxy */;
		};
/* End PBXTargetDependency section */

/* Begin PBXVariantGroup section */
		B2F3D1301FB9AB7300F5393A /* Main.storyboard */ = {
			isa = PBXVariantGroup;
			children = (
				B2F3D1311FB9AB7300F5393A /* Base */,
			);
			name = Main.storyboard;
			sourceTree = "<group>";
		};
		B2F3D1351FB9AB7300F5393A /* __LaunchScreen.storyboard */ = {
			isa = PBXVariantGroup;
			children = (
				B2F3D1361FB9AB7300F5393A /* Base */,
			);
			name = __LaunchScreen.storyboard;
			sourceTree = "<group>";
		};
/* End PBXVariantGroup section */

/* Begin XCBuildConfiguration section */
		B2F3D14F1FB9AB7300F5393A /* Debug */ = {
			isa = XCBuildConfiguration;
			buildSettings = {
				ALWAYS_SEARCH_USER_PATHS = NO;
				CLANG_ANALYZER_NONNULL = YES;
				CLANG_ANALYZER_NUMBER_OBJECT_CONVERSION = YES_AGGRESSIVE;
				CLANG_CXX_LANGUAGE_STANDARD = "gnu++14";
				CLANG_CXX_LIBRARY = "libc++";
				CLANG_ENABLE_MODULES = YES;
				CLANG_ENABLE_OBJC_ARC = YES;
				CLANG_WARN_BLOCK_CAPTURE_AUTORELEASING = YES;
				CLANG_WARN_BOOL_CONVERSION = YES;
				CLANG_WARN_COMMA = YES;
				CLANG_WARN_CONSTANT_CONVERSION = YES;
				CLANG_WARN_DIRECT_OBJC_ISA_USAGE = YES_ERROR;
				CLANG_WARN_DOCUMENTATION_COMMENTS = YES;
				CLANG_WARN_EMPTY_BODY = YES;
				CLANG_WARN_ENUM_CONVERSION = YES;
				CLANG_WARN_INFINITE_RECURSION = YES;
				CLANG_WARN_INT_CONVERSION = YES;
				CLANG_WARN_NON_LITERAL_NULL_CONVERSION = YES;
				CLANG_WARN_OBJC_LITERAL_CONVERSION = YES;
				CLANG_WARN_OBJC_ROOT_CLASS = YES_ERROR;
				CLANG_WARN_RANGE_LOOP_ANALYSIS = YES;
				CLANG_WARN_STRICT_PROTOTYPES = YES;
				CLANG_WARN_SUSPICIOUS_MOVE = YES;
				CLANG_WARN_UNGUARDED_AVAILABILITY = YES_AGGRESSIVE;
				CLANG_WARN_UNREACHABLE_CODE = YES;
				CLANG_WARN__DUPLICATE_METHOD_MATCH = YES;
				CODE_SIGN_IDENTITY = "iPhone Developer";
				COPY_PHASE_STRIP = NO;
				DEBUG_INFORMATION_FORMAT = dwarf;
				ENABLE_STRICT_OBJC_MSGSEND = YES;
				ENABLE_TESTABILITY = YES;
				GCC_C_LANGUAGE_STANDARD = gnu11;
				GCC_DYNAMIC_NO_PIC = NO;
				GCC_NO_COMMON_BLOCKS = YES;
				GCC_OPTIMIZATION_LEVEL = 0;
				GCC_PREPROCESSOR_DEFINITIONS = (
					"DEBUG=1",
					"$(inherited)",
				);
				GCC_WARN_64_TO_32_BIT_CONVERSION = YES;
				GCC_WARN_ABOUT_RETURN_TYPE = YES_ERROR;
				GCC_WARN_UNDECLARED_SELECTOR = YES;
				GCC_WARN_UNINITIALIZED_AUTOS = YES_AGGRESSIVE;
				GCC_WARN_UNUSED_FUNCTION = YES;
				GCC_WARN_UNUSED_VARIABLE = YES;
				IPHONEOS_DEPLOYMENT_TARGET = 11.1;
				MTL_ENABLE_DEBUG_INFO = YES;
				ONLY_ACTIVE_ARCH = YES;
				SDKROOT = iphoneos;
				SWIFT_ACTIVE_COMPILATION_CONDITIONS = DEBUG;
				SWIFT_OPTIMIZATION_LEVEL = "-Onone";
			};
			name = Debug;
		};
		B2F3D1501FB9AB7300F5393A /* Release */ = {
			isa = XCBuildConfiguration;
			buildSettings = {
				ALWAYS_SEARCH_USER_PATHS = NO;
				CLANG_ANALYZER_NONNULL = YES;
				CLANG_ANALYZER_NUMBER_OBJECT_CONVERSION = YES_AGGRESSIVE;
				CLANG_CXX_LANGUAGE_STANDARD = "gnu++14";
				CLANG_CXX_LIBRARY = "libc++";
				CLANG_ENABLE_MODULES = YES;
				CLANG_ENABLE_OBJC_ARC = YES;
				CLANG_WARN_BLOCK_CAPTURE_AUTORELEASING = YES;
				CLANG_WARN_BOOL_CONVERSION = YES;
				CLANG_WARN_COMMA = YES;
				CLANG_WARN_CONSTANT_CONVERSION = YES;
				CLANG_WARN_DIRECT_OBJC_ISA_USAGE = YES_ERROR;
				CLANG_WARN_DOCUMENTATION_COMMENTS = YES;
				CLANG_WARN_EMPTY_BODY = YES;
				CLANG_WARN_ENUM_CONVERSION = YES;
				CLANG_WARN_INFINITE_RECURSION = YES;
				CLANG_WARN_INT_CONVERSION = YES;
				CLANG_WARN_NON_LITERAL_NULL_CONVERSION = YES;
				CLANG_WARN_OBJC_LITERAL_CONVERSION = YES;
				CLANG_WARN_OBJC_ROOT_CLASS = YES_ERROR;
				CLANG_WARN_RANGE_LOOP_ANALYSIS = YES;
				CLANG_WARN_STRICT_PROTOTYPES = YES;
				CLANG_WARN_SUSPICIOUS_MOVE = YES;
				CLANG_WARN_UNGUARDED_AVAILABILITY = YES_AGGRESSIVE;
				CLANG_WARN_UNREACHABLE_CODE = YES;
				CLANG_WARN__DUPLICATE_METHOD_MATCH = YES;
				CODE_SIGN_IDENTITY = "iPhone Developer";
				COPY_PHASE_STRIP = NO;
				DEBUG_INFORMATION_FORMAT = "dwarf-with-dsym";
				ENABLE_NS_ASSERTIONS = NO;
				ENABLE_STRICT_OBJC_MSGSEND = YES;
				GCC_C_LANGUAGE_STANDARD = gnu11;
				GCC_NO_COMMON_BLOCKS = YES;
				GCC_WARN_64_TO_32_BIT_CONVERSION = YES;
				GCC_WARN_ABOUT_RETURN_TYPE = YES_ERROR;
				GCC_WARN_UNDECLARED_SELECTOR = YES;
				GCC_WARN_UNINITIALIZED_AUTOS = YES_AGGRESSIVE;
				GCC_WARN_UNUSED_FUNCTION = YES;
				GCC_WARN_UNUSED_VARIABLE = YES;
				IPHONEOS_DEPLOYMENT_TARGET = 11.1;
				MTL_ENABLE_DEBUG_INFO = NO;
				SDKROOT = iphoneos;
				SWIFT_OPTIMIZATION_LEVEL = "-Owholemodule";
				VALIDATE_PRODUCT = YES;
			};
			name = Release;
		};
		B2F3D1521FB9AB7300F5393A /* Debug */ = {
			isa = XCBuildConfiguration;
			baseConfigurationReference = 3A216E1F563E62538AA8084D /* Pods-yukaApp.debug.xcconfig */;
			buildSettings = {
				ASSETCATALOG_COMPILER_APPICON_NAME = AppIcon;
				CODE_SIGN_STYLE = Automatic;
				INFOPLIST_FILE = yukaApp/Info.plist;
				LD_RUNPATH_SEARCH_PATHS = "$(inherited) @executable_path/Frameworks";
				PRODUCT_BUNDLE_IDENTIFIER = com.yukao.yukaApp;
				PRODUCT_NAME = "$(TARGET_NAME)";
				SWIFT_VERSION = 3.0;
				TARGETED_DEVICE_FAMILY = "1,2";
			};
			name = Debug;
		};
		B2F3D1531FB9AB7300F5393A /* Release */ = {
			isa = XCBuildConfiguration;
			baseConfigurationReference = 5BC9D800A97ACD046ECEAC60 /* Pods-yukaApp.release.xcconfig */;
			buildSettings = {
				ASSETCATALOG_COMPILER_APPICON_NAME = AppIcon;
				CODE_SIGN_STYLE = Automatic;
				INFOPLIST_FILE = yukaApp/Info.plist;
				LD_RUNPATH_SEARCH_PATHS = "$(inherited) @executable_path/Frameworks";
				PRODUCT_BUNDLE_IDENTIFIER = com.yukao.yukaApp;
				PRODUCT_NAME = "$(TARGET_NAME)";
				SWIFT_VERSION = 3.0;
				TARGETED_DEVICE_FAMILY = "1,2";
			};
			name = Release;
		};
		B2F3D1551FB9AB7300F5393A /* Debug */ = {
			isa = XCBuildConfiguration;
			baseConfigurationReference = 87ABEB59B06DBFAF969A4132 /* Pods-yukaAppTests.debug.xcconfig */;
			buildSettings = {
				ALWAYS_EMBED_SWIFT_STANDARD_LIBRARIES = YES;
				BUNDLE_LOADER = "$(TEST_HOST)";
				CODE_SIGN_STYLE = Automatic;
				INFOPLIST_FILE = yukaAppTests/Info.plist;
				LD_RUNPATH_SEARCH_PATHS = "$(inherited) @executable_path/Frameworks @loader_path/Frameworks";
				PRODUCT_BUNDLE_IDENTIFIER = com.yukao.yukaAppTests;
				PRODUCT_NAME = "$(TARGET_NAME)";
				SWIFT_VERSION = 4.0;
				TARGETED_DEVICE_FAMILY = "1,2";
				TEST_HOST = "$(BUILT_PRODUCTS_DIR)/yukaApp.app/yukaApp";
			};
			name = Debug;
		};
		B2F3D1561FB9AB7300F5393A /* Release */ = {
			isa = XCBuildConfiguration;
			baseConfigurationReference = 5D89D63425104DCCF6B1A4A3 /* Pods-yukaAppTests.release.xcconfig */;
			buildSettings = {
				ALWAYS_EMBED_SWIFT_STANDARD_LIBRARIES = YES;
				BUNDLE_LOADER = "$(TEST_HOST)";
				CODE_SIGN_STYLE = Automatic;
				INFOPLIST_FILE = yukaAppTests/Info.plist;
				LD_RUNPATH_SEARCH_PATHS = "$(inherited) @executable_path/Frameworks @loader_path/Frameworks";
				PRODUCT_BUNDLE_IDENTIFIER = com.yukao.yukaAppTests;
				PRODUCT_NAME = "$(TARGET_NAME)";
				SWIFT_VERSION = 4.0;
				TARGETED_DEVICE_FAMILY = "1,2";
				TEST_HOST = "$(BUILT_PRODUCTS_DIR)/yukaApp.app/yukaApp";
			};
			name = Release;
		};
		B2F3D1581FB9AB7300F5393A /* Debug */ = {
			isa = XCBuildConfiguration;
			baseConfigurationReference = 3059F7C899F4EA65EAA76A8E /* Pods-yukaAppUITests.debug.xcconfig */;
			buildSettings = {
				ALWAYS_EMBED_SWIFT_STANDARD_LIBRARIES = YES;
				CODE_SIGN_STYLE = Automatic;
				INFOPLIST_FILE = yukaAppUITests/Info.plist;
				LD_RUNPATH_SEARCH_PATHS = "$(inherited) @executable_path/Frameworks @loader_path/Frameworks";
				PRODUCT_BUNDLE_IDENTIFIER = com.yukao.yukaAppUITests;
				PRODUCT_NAME = "$(TARGET_NAME)";
				SWIFT_VERSION = 4.0;
				TARGETED_DEVICE_FAMILY = "1,2";
				TEST_TARGET_NAME = yukaApp;
			};
			name = Debug;
		};
		B2F3D1591FB9AB7300F5393A /* Release */ = {
			isa = XCBuildConfiguration;
			baseConfigurationReference = EA57F81E99DECB609EE683C6 /* Pods-yukaAppUITests.release.xcconfig */;
			buildSettings = {
				ALWAYS_EMBED_SWIFT_STANDARD_LIBRARIES = YES;
				CODE_SIGN_STYLE = Automatic;
				INFOPLIST_FILE = yukaAppUITests/Info.plist;
				LD_RUNPATH_SEARCH_PATHS = "$(inherited) @executable_path/Frameworks @loader_path/Frameworks";
				PRODUCT_BUNDLE_IDENTIFIER = com.yukao.yukaAppUITests;
				PRODUCT_NAME = "$(TARGET_NAME)";
				SWIFT_VERSION = 4.0;
				TARGETED_DEVICE_FAMILY = "1,2";
				TEST_TARGET_NAME = yukaApp;
			};
			name = Release;
		};
/* End XCBuildConfiguration section */

/* Begin XCConfigurationList section */
		B2F3D1241FB9AB7300F5393A /* Build configuration list for PBXProject "yukaApp" */ = {
			isa = XCConfigurationList;
			buildConfigurations = (
				B2F3D14F1FB9AB7300F5393A /* Debug */,
				B2F3D1501FB9AB7300F5393A /* Release */,
			);
			defaultConfigurationIsVisible = 0;
			defaultConfigurationName = Release;
		};
		B2F3D1511FB9AB7300F5393A /* Build configuration list for PBXNativeTarget "yukaApp" */ = {
			isa = XCConfigurationList;
			buildConfigurations = (
				B2F3D1521FB9AB7300F5393A /* Debug */,
				B2F3D1531FB9AB7300F5393A /* Release */,
			);
			defaultConfigurationIsVisible = 0;
			defaultConfigurationName = Release;
		};
		B2F3D1541FB9AB7300F5393A /* Build configuration list for PBXNativeTarget "yukaAppTests" */ = {
			isa = XCConfigurationList;
			buildConfigurations = (
				B2F3D1551FB9AB7300F5393A /* Debug */,
				B2F3D1561FB9AB7300F5393A /* Release */,
			);
			defaultConfigurationIsVisible = 0;
			defaultConfigurationName = Release;
		};
		B2F3D1571FB9AB7300F5393A /* Build configuration list for PBXNativeTarget "yukaAppUITests" */ = {
			isa = XCConfigurationList;
			buildConfigurations = (
				B2F3D1581FB9AB7300F5393A /* Debug */,
				B2F3D1591FB9AB7300F5393A /* Release */,
			);
			defaultConfigurationIsVisible = 0;
			defaultConfigurationName = Release;
		};
/* End XCConfigurationList section */
	};
	rootObject = B2F3D1211FB9AB7300F5393A /* Project object */;
}
